
Microsoft Visual Studio Solution File, Format Version 12.00
Project("{FAE04EC0-301F-11D3-BF4B-00C04F79EFBC}") = "EcommerceApplicationSolution", "EcommerceApplicationSolution\EcommerceApplicationSolution.csproj", "{F4961CC1-5199-42ED-949D-5851D14A694D}"
EndProject
Project("{FAE04EC0-301F-11D3-BF4B-00C04F79EFBC}") = "eCommerceApp.Domain", "eCommerceApp.Domain\eCommerceApp.Domain.csproj", "{E2BC815A-FD5C-4B33-9C42-7BC0E56FC849}"
EndProject
Project("{FAE04EC0-301F-11D3-BF4B-00C04F79EFBC}") = "eCommerceApp.Application", "eCommerceApp.Application\eCommerceApp.Application.csproj", "{FCA509A0-1684-4DB8-8D96-3D3920AD4C5B}"
EndProject
Project("{FAE04EC0-301F-11D3-BF4B-00C04F79EFBC}") = "eCommerceApp.Infrastructure", "eCommerceApp.Infrastructure\eCommerceApp.Infrastructure.csproj", "{C0C85F73-2E6E-4CA8-8C81-F432C1E2658B}"
EndProject
Project("{FAE04EC0-301F-11D3-BF4B-00C04F79EFBC}") = "eCommerceApp.Host", "eCommerceApp.Host\eCommerceApp.Host.csproj", "{68277015-7C9D-4982-AE83-746F0B848AA4}"
EndProject
Global
	GlobalSection(SolutionConfigurationPlatforms) = preSolution
		Debug|Any CPU = Debug|Any CPU
		Release|Any CPU = Release|Any CPU
	EndGlobalSection
	GlobalSection(ProjectConfigurationPlatforms) = postSolution
		{F4961CC1-5199-42ED-949D-5851D14A694D}.Debug|Any CPU.ActiveCfg = Debug|Any CPU
		{F4961CC1-5199-42ED-949D-5851D14A694D}.Debug|Any CPU.Build.0 = Debug|Any CPU
		{F4961CC1-5199-42ED-949D-5851D14A694D}.Release|Any CPU.ActiveCfg = Release|Any CPU
		{F4961CC1-5199-42ED-949D-5851D14A694D}.Release|Any CPU.Build.0 = Release|Any CPU
		{E2BC815A-FD5C-4B33-9C42-7BC0E56FC849}.Debug|Any CPU.ActiveCfg = Debug|Any CPU
		{E2BC815A-FD5C-4B33-9C42-7BC0E56FC849}.Debug|Any CPU.Build.0 = Debug|Any CPU
		{E2BC815A-FD5C-4B33-9C42-7BC0E56FC849}.Release|Any CPU.ActiveCfg = Release|Any CPU
		{E2BC815A-FD5C-4B33-9C42-7BC0E56FC849}.Release|Any CPU.Build.0 = Release|Any CPU
		{FCA509A0-1684-4DB8-8D96-3D3920AD4C5B}.Debug|Any CPU.ActiveCfg = Debug|Any CPU
		{FCA509A0-1684-4DB8-8D96-3D3920AD4C5B}.Debug|Any CPU.Build.0 = Debug|Any CPU
		{FCA509A0-1684-4DB8-8D96-3D3920AD4C5B}.Release|Any CPU.ActiveCfg = Release|Any CPU
		{FCA509A0-1684-4DB8-8D96-3D3920AD4C5B}.Release|Any CPU.Build.0 = Release|Any CPU
		{C0C85F73-2E6E-4CA8-8C81-F432C1E2658B}.Debug|Any CPU.ActiveCfg = Debug|Any CPU
		{C0C85F73-2E6E-4CA8-8C81-F432C1E2658B}.Debug|Any CPU.Build.0 = Debug|Any CPU
		{C0C85F73-2E6E-4CA8-8C81-F432C1E2658B}.Release|Any CPU.ActiveCfg = Release|Any CPU
		{C0C85F73-2E6E-4CA8-8C81-F432C1E2658B}.Release|Any CPU.Build.0 = Release|Any CPU
		{68277015-7C9D-4982-AE83-746F0B848AA4}.Debug|Any CPU.ActiveCfg = Debug|Any CPU
		{68277015-7C9D-4982-AE83-746F0B848AA4}.Debug|Any CPU.Build.0 = Debug|Any CPU
		{68277015-7C9D-4982-AE83-746F0B848AA4}.Release|Any CPU.ActiveCfg = Release|Any CPU
		{68277015-7C9D-4982-AE83-746F0B848AA4}.Release|Any CPU.Build.0 = Release|Any CPU
	EndGlobalSection
EndGlobal
